
Microsoft Visual Studio Solution File, Format Version 12.00
# Visual Studio Version 17
VisualStudioVersion = 17.7.34018.315
MinimumVisualStudioVersion = 10.0.40219.1
Project("{FAE04EC0-301F-11D3-BF4B-00C04F79EFBC}") = "RedditFun", "RedditFun\RedditFun.csproj", "{8B4AA62A-9302-4B15-A695-C4403FDF45DB}"
EndProject
Project("{FAE04EC0-301F-11D3-BF4B-00C04F79EFBC}") = "RedditFun.Services", "RedditFun.Services\RedditFun.Services.csproj", "{00A91526-D942-48BA-9CA2-0E8FD06FDD1D}"
EndProject
Project("{FAE04EC0-301F-11D3-BF4B-00C04F79EFBC}") = "RedditFun.Logger", "RedditFun.Logger\RedditFun.Logger.csproj", "{A4582004-A22C-41AD-A47B-01BD5DB3E2B0}"
EndProject
Project("{FAE04EC0-301F-11D3-BF4B-00C04F79EFBC}") = "RedditFun.Interfaces", "RedditFun.Interfaces\RedditFun.Interfaces.csproj", "{60CC898F-92B5-4404-9712-8A3BBF88CCE1}"
EndProject
Project("{FAE04EC0-301F-11D3-BF4B-00C04F79EFBC}") = "RedditFun.Tests", "RedditFun.Tests\RedditFun.Tests.csproj", "{5D7A6CE1-0176-4263-96F6-AA110552A77F}"
EndProject
Global
	GlobalSection(SolutionConfigurationPlatforms) = preSolution
		Debug|Any CPU = Debug|Any CPU
		Release|Any CPU = Release|Any CPU
	EndGlobalSection
	GlobalSection(ProjectConfigurationPlatforms) = postSolution
		{8B4AA62A-9302-4B15-A695-C4403FDF45DB}.Debug|Any CPU.ActiveCfg = Debug|Any CPU
		{8B4AA62A-9302-4B15-A695-C4403FDF45DB}.Debug|Any CPU.Build.0 = Debug|Any CPU
		{8B4AA62A-9302-4B15-A695-C4403FDF45DB}.Release|Any CPU.ActiveCfg = Release|Any CPU
		{8B4AA62A-9302-4B15-A695-C4403FDF45DB}.Release|Any CPU.Build.0 = Release|Any CPU
		{00A91526-D942-48BA-9CA2-0E8FD06FDD1D}.Debug|Any CPU.ActiveCfg = Debug|Any CPU
		{00A91526-D942-48BA-9CA2-0E8FD06FDD1D}.Debug|Any CPU.Build.0 = Debug|Any CPU
		{00A91526-D942-48BA-9CA2-0E8FD06FDD1D}.Release|Any CPU.ActiveCfg = Release|Any CPU
		{00A91526-D942-48BA-9CA2-0E8FD06FDD1D}.Release|Any CPU.Build.0 = Release|Any CPU
		{A4582004-A22C-41AD-A47B-01BD5DB3E2B0}.Debug|Any CPU.ActiveCfg = Debug|Any CPU
		{A4582004-A22C-41AD-A47B-01BD5DB3E2B0}.Debug|Any CPU.Build.0 = Debug|Any CPU
		{A4582004-A22C-41AD-A47B-01BD5DB3E2B0}.Release|Any CPU.ActiveCfg = Release|Any CPU
		{A4582004-A22C-41AD-A47B-01BD5DB3E2B0}.Release|Any CPU.Build.0 = Release|Any CPU
		{60CC898F-92B5-4404-9712-8A3BBF88CCE1}.Debug|Any CPU.ActiveCfg = Debug|Any CPU
		{60CC898F-92B5-4404-9712-8A3BBF88CCE1}.Debug|Any CPU.Build.0 = Debug|Any CPU
		{60CC898F-92B5-4404-9712-8A3BBF88CCE1}.Release|Any CPU.ActiveCfg = Release|Any CPU
		{60CC898F-92B5-4404-9712-8A3BBF88CCE1}.Release|Any CPU.Build.0 = Release|Any CPU
		{5D7A6CE1-0176-4263-96F6-AA110552A77F}.Debug|Any CPU.ActiveCfg = Debug|Any CPU
		{5D7A6CE1-0176-4263-96F6-AA110552A77F}.Debug|Any CPU.Build.0 = Debug|Any CPU
		{5D7A6CE1-0176-4263-96F6-AA110552A77F}.Release|Any CPU.ActiveCfg = Release|Any CPU
		{5D7A6CE1-0176-4263-96F6-AA110552A77F}.Release|Any CPU.Build.0 = Release|Any CPU
	EndGlobalSection
	GlobalSection(SolutionProperties) = preSolution
		HideSolutionNode = FALSE
	EndGlobalSection
	GlobalSection(ExtensibilityGlobals) = postSolution
		SolutionGuid = {4145335D-ADAB-48FC-B5D7-CE662F79E0D0}
	EndGlobalSection
EndGlobal
